// !$*UTF8*$!
{
	archiveVersion = 1;
	classes = {
	};
	objectVersion = 56;
	objects = {

/* Begin PBXBuildFile section */
		A3A2BCAC2BC2681B00E1D188 /* NameTextField.swift in Sources */ = {isa = PBXBuildFile; fileRef = A3A2BCAB2BC2681B00E1D188 /* NameTextField.swift */; };
		A3A2BCAE2BC268A900E1D188 /* SquareCardView.swift in Sources */ = {isa = PBXBuildFile; fileRef = A3A2BCAD2BC268A900E1D188 /* SquareCardView.swift */; };
		A3A2BCB02BC2696D00E1D188 /* RoundedButton.swift in Sources */ = {isa = PBXBuildFile; fileRef = A3A2BCAF2BC2696D00E1D188 /* RoundedButton.swift */; };
		A3A2BCB22BC2698D00E1D188 /* RoundedRectangleButton.swift in Sources */ = {isa = PBXBuildFile; fileRef = A3A2BCB12BC2698D00E1D188 /* RoundedRectangleButton.swift */; };
		A3A2BCB42BC2AD4600E1D188 /* SelectClothingView.swift in Sources */ = {isa = PBXBuildFile; fileRef = A3A2BCB32BC2AD4600E1D188 /* SelectClothingView.swift */; };
		A3CB23942BBF5EEF005CBCF4 /* ClotherApp.swift in Sources */ = {isa = PBXBuildFile; fileRef = A3CB23932BBF5EEF005CBCF4 /* ClotherApp.swift */; };
		A3CB23982BBF5EF1005CBCF4 /* Assets.xcassets in Resources */ = {isa = PBXBuildFile; fileRef = A3CB23972BBF5EF1005CBCF4 /* Assets.xcassets */; };
		A3CB239B2BBF5EF1005CBCF4 /* Preview Assets.xcassets in Resources */ = {isa = PBXBuildFile; fileRef = A3CB239A2BBF5EF1005CBCF4 /* Preview Assets.xcassets */; };
		A3CB23A52BBF61A4005CBCF4 /* ClothesViewModel.swift in Sources */ = {isa = PBXBuildFile; fileRef = A3CB23A42BBF61A4005CBCF4 /* ClothesViewModel.swift */; };
		A3CB23A72BBF6208005CBCF4 /* HomeViewModel.swift in Sources */ = {isa = PBXBuildFile; fileRef = A3CB23A62BBF6208005CBCF4 /* HomeViewModel.swift */; };
		A3CB23A92BBF62C6005CBCF4 /* ClothingItem.swift in Sources */ = {isa = PBXBuildFile; fileRef = A3CB23A82BBF62C6005CBCF4 /* ClothingItem.swift */; };
		A3CB23AB2BBF63A1005CBCF4 /* ClothingTypes.swift in Sources */ = {isa = PBXBuildFile; fileRef = A3CB23AA2BBF63A1005CBCF4 /* ClothingTypes.swift */; };
		A3CB23AD2BBF64C0005CBCF4 /* OutfitItem.swift in Sources */ = {isa = PBXBuildFile; fileRef = A3CB23AC2BBF64C0005CBCF4 /* OutfitItem.swift */; };
		A3CB23AF2BBF68B1005CBCF4 /* HomeView.swift in Sources */ = {isa = PBXBuildFile; fileRef = A3CB23AE2BBF68B1005CBCF4 /* HomeView.swift */; };
		A3CB23B12BBF68CB005CBCF4 /* UploadClothesView.swift in Sources */ = {isa = PBXBuildFile; fileRef = A3CB23B02BBF68CB005CBCF4 /* UploadClothesView.swift */; };
		A3CB23B32BBF68DC005CBCF4 /* ClothingFormView.swift in Sources */ = {isa = PBXBuildFile; fileRef = A3CB23B22BBF68DC005CBCF4 /* ClothingFormView.swift */; };
		A3CB23B52BBF68EE005CBCF4 /* OutfitFormView.swift in Sources */ = {isa = PBXBuildFile; fileRef = A3CB23B42BBF68EE005CBCF4 /* OutfitFormView.swift */; };
		A3CB23B72BBF690B005CBCF4 /* RandomOutfitFormView.swift in Sources */ = {isa = PBXBuildFile; fileRef = A3CB23B62BBF690B005CBCF4 /* RandomOutfitFormView.swift */; };
		A3CB23B92BBF691C005CBCF4 /* ConfirmRandomOutfitView.swift in Sources */ = {isa = PBXBuildFile; fileRef = A3CB23B82BBF691C005CBCF4 /* ConfirmRandomOutfitView.swift */; };
		A3CB23BB2BBF6946005CBCF4 /* OutfitDetailView.swift in Sources */ = {isa = PBXBuildFile; fileRef = A3CB23BA2BBF6946005CBCF4 /* OutfitDetailView.swift */; };
		A3CB23BD2BBF6957005CBCF4 /* ClothingDetailView.swift in Sources */ = {isa = PBXBuildFile; fileRef = A3CB23BC2BBF6957005CBCF4 /* ClothingDetailView.swift */; };
		A3CB23C22BBF69C8005CBCF4 /* ClosetGrid.swift in Sources */ = {isa = PBXBuildFile; fileRef = A3CB23C12BBF69C8005CBCF4 /* ClosetGrid.swift */; };
		A3CB23C62BBF6A4A005CBCF4 /* ClosetItemView.swift in Sources */ = {isa = PBXBuildFile; fileRef = A3CB23C52BBF6A4A005CBCF4 /* ClosetItemView.swift */; };
		A3CB23C82BBF9AC3005CBCF4 /* SearchBar.swift in Sources */ = {isa = PBXBuildFile; fileRef = A3CB23C72BBF9AC3005CBCF4 /* SearchBar.swift */; };
		A3CB23CC2BBFAE75005CBCF4 /* FormDropdown.swift in Sources */ = {isa = PBXBuildFile; fileRef = A3CB23CB2BBFAE75005CBCF4 /* FormDropdown.swift */; };
		A3CB23CF2BC0B638005CBCF4 /* ImagePicker.swift in Sources */ = {isa = PBXBuildFile; fileRef = A3CB23CE2BC0B638005CBCF4 /* ImagePicker.swift */; };
		A3CB23D12BC0BB41005CBCF4 /* ImagePickerView.swift in Sources */ = {isa = PBXBuildFile; fileRef = A3CB23D02BC0BB41005CBCF4 /* ImagePickerView.swift */; };
		A3CB23D32BC0BD37005CBCF4 /* CameraView.swift in Sources */ = {isa = PBXBuildFile; fileRef = A3CB23D22BC0BD37005CBCF4 /* CameraView.swift */; };
		A3D6DDFF2BC906140030B680 /* ClothesVMTests.swift in Sources */ = {isa = PBXBuildFile; fileRef = A3D6DDFE2BC906140030B680 /* ClothesVMTests.swift */; };
/* End PBXBuildFile section */

/* Begin PBXContainerItemProxy section */
		A3D6DE002BC906140030B680 /* PBXContainerItemProxy */ = {
			isa = PBXContainerItemProxy;
			containerPortal = A3CB23882BBF5EEF005CBCF4 /* Project object */;
			proxyType = 1;
			remoteGlobalIDString = A3CB238F2BBF5EEF005CBCF4;
			remoteInfo = Clother;
		};
/* End PBXContainerItemProxy section */

/* Begin PBXFileReference section */
		A3A2BCAB2BC2681B00E1D188 /* NameTextField.swift */ = {isa = PBXFileReference; lastKnownFileType = sourcecode.swift; path = NameTextField.swift; sourceTree = "<group>"; };
		A3A2BCAD2BC268A900E1D188 /* SquareCardView.swift */ = {isa = PBXFileReference; lastKnownFileType = sourcecode.swift; path = SquareCardView.swift; sourceTree = "<group>"; };
		A3A2BCAF2BC2696D00E1D188 /* RoundedButton.swift */ = {isa = PBXFileReference; lastKnownFileType = sourcecode.swift; path = RoundedButton.swift; sourceTree = "<group>"; };
		A3A2BCB12BC2698D00E1D188 /* RoundedRectangleButton.swift */ = {isa = PBXFileReference; lastKnownFileType = sourcecode.swift; path = RoundedRectangleButton.swift; sourceTree = "<group>"; };
		A3A2BCB32BC2AD4600E1D188 /* SelectClothingView.swift */ = {isa = PBXFileReference; lastKnownFileType = sourcecode.swift; path = SelectClothingView.swift; sourceTree = "<group>"; };
		A3CB23902BBF5EEF005CBCF4 /* Clother.app */ = {isa = PBXFileReference; explicitFileType = wrapper.application; includeInIndex = 0; path = Clother.app; sourceTree = BUILT_PRODUCTS_DIR; };
		A3CB23932BBF5EEF005CBCF4 /* ClotherApp.swift */ = {isa = PBXFileReference; lastKnownFileType = sourcecode.swift; path = ClotherApp.swift; sourceTree = "<group>"; };
		A3CB23972BBF5EF1005CBCF4 /* Assets.xcassets */ = {isa = PBXFileReference; lastKnownFileType = folder.assetcatalog; path = Assets.xcassets; sourceTree = "<group>"; };
		A3CB239A2BBF5EF1005CBCF4 /* Preview Assets.xcassets */ = {isa = PBXFileReference; lastKnownFileType = folder.assetcatalog; path = "Preview Assets.xcassets"; sourceTree = "<group>"; };
		A3CB23A42BBF61A4005CBCF4 /* ClothesViewModel.swift */ = {isa = PBXFileReference; lastKnownFileType = sourcecode.swift; path = ClothesViewModel.swift; sourceTree = "<group>"; };
		A3CB23A62BBF6208005CBCF4 /* HomeViewModel.swift */ = {isa = PBXFileReference; lastKnownFileType = sourcecode.swift; path = HomeViewModel.swift; sourceTree = "<group>"; };
		A3CB23A82BBF62C6005CBCF4 /* ClothingItem.swift */ = {isa = PBXFileReference; lastKnownFileType = sourcecode.swift; path = ClothingItem.swift; sourceTree = "<group>"; };
		A3CB23AA2BBF63A1005CBCF4 /* ClothingTypes.swift */ = {isa = PBXFileReference; lastKnownFileType = sourcecode.swift; path = ClothingTypes.swift; sourceTree = "<group>"; };
		A3CB23AC2BBF64C0005CBCF4 /* OutfitItem.swift */ = {isa = PBXFileReference; lastKnownFileType = sourcecode.swift; path = OutfitItem.swift; sourceTree = "<group>"; };
		A3CB23AE2BBF68B1005CBCF4 /* HomeView.swift */ = {isa = PBXFileReference; lastKnownFileType = sourcecode.swift; path = HomeView.swift; sourceTree = "<group>"; };
		A3CB23B02BBF68CB005CBCF4 /* UploadClothesView.swift */ = {isa = PBXFileReference; lastKnownFileType = sourcecode.swift; path = UploadClothesView.swift; sourceTree = "<group>"; };
		A3CB23B22BBF68DC005CBCF4 /* ClothingFormView.swift */ = {isa = PBXFileReference; lastKnownFileType = sourcecode.swift; path = ClothingFormView.swift; sourceTree = "<group>"; };
		A3CB23B42BBF68EE005CBCF4 /* OutfitFormView.swift */ = {isa = PBXFileReference; lastKnownFileType = sourcecode.swift; path = OutfitFormView.swift; sourceTree = "<group>"; };
		A3CB23B62BBF690B005CBCF4 /* RandomOutfitFormView.swift */ = {isa = PBXFileReference; lastKnownFileType = sourcecode.swift; path = RandomOutfitFormView.swift; sourceTree = "<group>"; };
		A3CB23B82BBF691C005CBCF4 /* ConfirmRandomOutfitView.swift */ = {isa = PBXFileReference; lastKnownFileType = sourcecode.swift; path = ConfirmRandomOutfitView.swift; sourceTree = "<group>"; };
		A3CB23BA2BBF6946005CBCF4 /* OutfitDetailView.swift */ = {isa = PBXFileReference; lastKnownFileType = sourcecode.swift; path = OutfitDetailView.swift; sourceTree = "<group>"; };
		A3CB23BC2BBF6957005CBCF4 /* ClothingDetailView.swift */ = {isa = PBXFileReference; lastKnownFileType = sourcecode.swift; path = ClothingDetailView.swift; sourceTree = "<group>"; };
		A3CB23C12BBF69C8005CBCF4 /* ClosetGrid.swift */ = {isa = PBXFileReference; lastKnownFileType = sourcecode.swift; path = ClosetGrid.swift; sourceTree = "<group>"; };
		A3CB23C52BBF6A4A005CBCF4 /* ClosetItemView.swift */ = {isa = PBXFileReference; lastKnownFileType = sourcecode.swift; path = ClosetItemView.swift; sourceTree = "<group>"; };
		A3CB23C72BBF9AC3005CBCF4 /* SearchBar.swift */ = {isa = PBXFileReference; lastKnownFileType = sourcecode.swift; path = SearchBar.swift; sourceTree = "<group>"; };
		A3CB23CB2BBFAE75005CBCF4 /* FormDropdown.swift */ = {isa = PBXFileReference; lastKnownFileType = sourcecode.swift; path = FormDropdown.swift; sourceTree = "<group>"; };
		A3CB23CE2BC0B638005CBCF4 /* ImagePicker.swift */ = {isa = PBXFileReference; lastKnownFileType = sourcecode.swift; path = ImagePicker.swift; sourceTree = "<group>"; };
		A3CB23D02BC0BB41005CBCF4 /* ImagePickerView.swift */ = {isa = PBXFileReference; lastKnownFileType = sourcecode.swift; path = ImagePickerView.swift; sourceTree = "<group>"; };
		A3CB23D22BC0BD37005CBCF4 /* CameraView.swift */ = {isa = PBXFileReference; lastKnownFileType = sourcecode.swift; path = CameraView.swift; sourceTree = "<group>"; };
		A3D6DDFC2BC906140030B680 /* ClotherTests.xctest */ = {isa = PBXFileReference; explicitFileType = wrapper.cfbundle; includeInIndex = 0; path = ClotherTests.xctest; sourceTree = BUILT_PRODUCTS_DIR; };
		A3D6DDFE2BC906140030B680 /* ClothesVMTests.swift */ = {isa = PBXFileReference; lastKnownFileType = sourcecode.swift; path = ClothesVMTests.swift; sourceTree = "<group>"; };
/* End PBXFileReference section */

/* Begin PBXFrameworksBuildPhase section */
		A3CB238D2BBF5EEF005CBCF4 /* Frameworks */ = {
			isa = PBXFrameworksBuildPhase;
			buildActionMask = 2147483647;
			files = (
			);
			runOnlyForDeploymentPostprocessing = 0;
		};
		A3D6DDF92BC906140030B680 /* Frameworks */ = {
			isa = PBXFrameworksBuildPhase;
			buildActionMask = 2147483647;
			files = (
			);
			runOnlyForDeploymentPostprocessing = 0;
		};
/* End PBXFrameworksBuildPhase section */

/* Begin PBXGroup section */
		A3CB23872BBF5EEF005CBCF4 = {
			isa = PBXGroup;
			children = (
				A3CB23922BBF5EEF005CBCF4 /* Clother */,
				A3D6DDFD2BC906140030B680 /* ClotherTests */,
				A3CB23912BBF5EEF005CBCF4 /* Products */,
			);
			sourceTree = "<group>";
		};
		A3CB23912BBF5EEF005CBCF4 /* Products */ = {
			isa = PBXGroup;
			children = (
				A3CB23902BBF5EEF005CBCF4 /* Clother.app */,
				A3D6DDFC2BC906140030B680 /* ClotherTests.xctest */,
			);
			name = Products;
			sourceTree = "<group>";
		};
		A3CB23922BBF5EEF005CBCF4 /* Clother */ = {
			isa = PBXGroup;
			children = (
				A3CB23932BBF5EEF005CBCF4 /* ClotherApp.swift */,
				A3CB23A32BBF5F29005CBCF4 /* View Models */,
				A3CB23A22BBF5F23005CBCF4 /* Views */,
				A3CB23A12BBF5F11005CBCF4 /* Models */,
				A3CB23972BBF5EF1005CBCF4 /* Assets.xcassets */,
				A3CB23992BBF5EF1005CBCF4 /* Preview Content */,
			);
			path = Clother;
			sourceTree = "<group>";
		};
		A3CB23992BBF5EF1005CBCF4 /* Preview Content */ = {
			isa = PBXGroup;
			children = (
				A3CB239A2BBF5EF1005CBCF4 /* Preview Assets.xcassets */,
			);
			path = "Preview Content";
			sourceTree = "<group>";
		};
		A3CB23A12BBF5F11005CBCF4 /* Models */ = {
			isa = PBXGroup;
			children = (
				A3CB23AA2BBF63A1005CBCF4 /* ClothingTypes.swift */,
				A3CB23A82BBF62C6005CBCF4 /* ClothingItem.swift */,
				A3CB23AC2BBF64C0005CBCF4 /* OutfitItem.swift */,
			);
			path = Models;
			sourceTree = "<group>";
		};
		A3CB23A22BBF5F23005CBCF4 /* Views */ = {
			isa = PBXGroup;
			children = (
				A3CB23C02BBF698A005CBCF4 /* Subviews */,
				A3CB23AE2BBF68B1005CBCF4 /* HomeView.swift */,
				A3CB23B02BBF68CB005CBCF4 /* UploadClothesView.swift */,
				A3CB23B22BBF68DC005CBCF4 /* ClothingFormView.swift */,
				A3CB23B42BBF68EE005CBCF4 /* OutfitFormView.swift */,
				A3A2BCB32BC2AD4600E1D188 /* SelectClothingView.swift */,
				A3CB23B62BBF690B005CBCF4 /* RandomOutfitFormView.swift */,
				A3CB23B82BBF691C005CBCF4 /* ConfirmRandomOutfitView.swift */,
				A3CB23BA2BBF6946005CBCF4 /* OutfitDetailView.swift */,
				A3CB23BC2BBF6957005CBCF4 /* ClothingDetailView.swift */,
			);
			path = Views;
			sourceTree = "<group>";
		};
		A3CB23A32BBF5F29005CBCF4 /* View Models */ = {
			isa = PBXGroup;
			children = (
				A3CB23A42BBF61A4005CBCF4 /* ClothesViewModel.swift */,
				A3CB23A62BBF6208005CBCF4 /* HomeViewModel.swift */,
			);
			path = "View Models";
			sourceTree = "<group>";
		};
		A3CB23C02BBF698A005CBCF4 /* Subviews */ = {
			isa = PBXGroup;
			children = (
				A3CB23C12BBF69C8005CBCF4 /* ClosetGrid.swift */,
				A3CB23C52BBF6A4A005CBCF4 /* ClosetItemView.swift */,
				A3CB23CB2BBFAE75005CBCF4 /* FormDropdown.swift */,
				A3A2BCAB2BC2681B00E1D188 /* NameTextField.swift */,
				A3A2BCAF2BC2696D00E1D188 /* RoundedButton.swift */,
				A3A2BCB12BC2698D00E1D188 /* RoundedRectangleButton.swift */,
				A3A2BCAD2BC268A900E1D188 /* SquareCardView.swift */,
				A3CB23C72BBF9AC3005CBCF4 /* SearchBar.swift */,
				A3CB23CE2BC0B638005CBCF4 /* ImagePicker.swift */,
				A3CB23D02BC0BB41005CBCF4 /* ImagePickerView.swift */,
				A3CB23D22BC0BD37005CBCF4 /* CameraView.swift */,
			);
			path = Subviews;
			sourceTree = "<group>";
		};
		A3D6DDFD2BC906140030B680 /* ClotherTests */ = {
			isa = PBXGroup;
			children = (
				A3D6DDFE2BC906140030B680 /* ClothesVMTests.swift */,
			);
			path = ClotherTests;
			sourceTree = "<group>";
		};
/* End PBXGroup section */

/* Begin PBXNativeTarget section */
		A3CB238F2BBF5EEF005CBCF4 /* Clother */ = {
			isa = PBXNativeTarget;
			buildConfigurationList = A3CB239E2BBF5EF1005CBCF4 /* Build configuration list for PBXNativeTarget "Clother" */;
			buildPhases = (
				A3CB238C2BBF5EEF005CBCF4 /* Sources */,
				A3CB238D2BBF5EEF005CBCF4 /* Frameworks */,
				A3CB238E2BBF5EEF005CBCF4 /* Resources */,
			);
			buildRules = (
			);
			dependencies = (
			);
			name = Clother;
			productName = Clother;
			productReference = A3CB23902BBF5EEF005CBCF4 /* Clother.app */;
			productType = "com.apple.product-type.application";
		};
		A3D6DDFB2BC906140030B680 /* ClotherTests */ = {
			isa = PBXNativeTarget;
			buildConfigurationList = A3D6DE042BC906140030B680 /* Build configuration list for PBXNativeTarget "ClotherTests" */;
			buildPhases = (
				A3D6DDF82BC906140030B680 /* Sources */,
				A3D6DDF92BC906140030B680 /* Frameworks */,
				A3D6DDFA2BC906140030B680 /* Resources */,
			);
			buildRules = (
			);
			dependencies = (
				A3D6DE012BC906140030B680 /* PBXTargetDependency */,
			);
			name = ClotherTests;
			productName = ClotherTests;
			productReference = A3D6DDFC2BC906140030B680 /* ClotherTests.xctest */;
			productType = "com.apple.product-type.bundle.unit-test";
		};
/* End PBXNativeTarget section */

/* Begin PBXProject section */
		A3CB23882BBF5EEF005CBCF4 /* Project object */ = {
			isa = PBXProject;
			attributes = {
				BuildIndependentTargetsInParallel = 1;
				LastSwiftUpdateCheck = 1530;
				LastUpgradeCheck = 1530;
				TargetAttributes = {
					A3CB238F2BBF5EEF005CBCF4 = {
						CreatedOnToolsVersion = 15.3;
					};
					A3D6DDFB2BC906140030B680 = {
						CreatedOnToolsVersion = 15.3;
						TestTargetID = A3CB238F2BBF5EEF005CBCF4;
					};
				};
			};
			buildConfigurationList = A3CB238B2BBF5EEF005CBCF4 /* Build configuration list for PBXProject "Clother" */;
			compatibilityVersion = "Xcode 14.0";
			developmentRegion = en;
			hasScannedForEncodings = 0;
			knownRegions = (
				en,
				Base,
			);
			mainGroup = A3CB23872BBF5EEF005CBCF4;
			productRefGroup = A3CB23912BBF5EEF005CBCF4 /* Products */;
			projectDirPath = "";
			projectRoot = "";
			targets = (
				A3CB238F2BBF5EEF005CBCF4 /* Clother */,
				A3D6DDFB2BC906140030B680 /* ClotherTests */,
			);
		};
/* End PBXProject section */

/* Begin PBXResourcesBuildPhase section */
		A3CB238E2BBF5EEF005CBCF4 /* Resources */ = {
			isa = PBXResourcesBuildPhase;
			buildActionMask = 2147483647;
			files = (
				A3CB239B2BBF5EF1005CBCF4 /* Preview Assets.xcassets in Resources */,
				A3CB23982BBF5EF1005CBCF4 /* Assets.xcassets in Resources */,
			);
			runOnlyForDeploymentPostprocessing = 0;
		};
		A3D6DDFA2BC906140030B680 /* Resources */ = {
			isa = PBXResourcesBuildPhase;
			buildActionMask = 2147483647;
			files = (
			);
			runOnlyForDeploymentPostprocessing = 0;
		};
/* End PBXResourcesBuildPhase section */

/* Begin PBXSourcesBuildPhase section */
		A3CB238C2BBF5EEF005CBCF4 /* Sources */ = {
			isa = PBXSourcesBuildPhase;
			buildActionMask = 2147483647;
			files = (
				A3A2BCAC2BC2681B00E1D188 /* NameTextField.swift in Sources */,
				A3CB23A92BBF62C6005CBCF4 /* ClothingItem.swift in Sources */,
				A3A2BCB42BC2AD4600E1D188 /* SelectClothingView.swift in Sources */,
				A3CB23B92BBF691C005CBCF4 /* ConfirmRandomOutfitView.swift in Sources */,
				A3CB23AF2BBF68B1005CBCF4 /* HomeView.swift in Sources */,
				A3CB23CF2BC0B638005CBCF4 /* ImagePicker.swift in Sources */,
				A3A2BCAE2BC268A900E1D188 /* SquareCardView.swift in Sources */,
				A3CB23CC2BBFAE75005CBCF4 /* FormDropdown.swift in Sources */,
				A3CB23BD2BBF6957005CBCF4 /* ClothingDetailView.swift in Sources */,
				A3CB23C82BBF9AC3005CBCF4 /* SearchBar.swift in Sources */,
				A3CB23AD2BBF64C0005CBCF4 /* OutfitItem.swift in Sources */,
				A3CB23942BBF5EEF005CBCF4 /* ClotherApp.swift in Sources */,
				A3CB23B72BBF690B005CBCF4 /* RandomOutfitFormView.swift in Sources */,
				A3CB23B12BBF68CB005CBCF4 /* UploadClothesView.swift in Sources */,
				A3CB23A72BBF6208005CBCF4 /* HomeViewModel.swift in Sources */,
				A3CB23C22BBF69C8005CBCF4 /* ClosetGrid.swift in Sources */,
				A3CB23BB2BBF6946005CBCF4 /* OutfitDetailView.swift in Sources */,
				A3CB23A52BBF61A4005CBCF4 /* ClothesViewModel.swift in Sources */,
				A3CB23D12BC0BB41005CBCF4 /* ImagePickerView.swift in Sources */,
				A3A2BCB22BC2698D00E1D188 /* RoundedRectangleButton.swift in Sources */,
				A3CB23C62BBF6A4A005CBCF4 /* ClosetItemView.swift in Sources */,
				A3CB23D32BC0BD37005CBCF4 /* CameraView.swift in Sources */,
				A3CB23AB2BBF63A1005CBCF4 /* ClothingTypes.swift in Sources */,
				A3CB23B32BBF68DC005CBCF4 /* ClothingFormView.swift in Sources */,
				A3CB23B52BBF68EE005CBCF4 /* OutfitFormView.swift in Sources */,
				A3A2BCB02BC2696D00E1D188 /* RoundedButton.swift in Sources */,
			);
			runOnlyForDeploymentPostprocessing = 0;
		};
		A3D6DDF82BC906140030B680 /* Sources */ = {
			isa = PBXSourcesBuildPhase;
			buildActionMask = 2147483647;
			files = (
				A3D6DDFF2BC906140030B680 /* ClothesVMTests.swift in Sources */,
			);
			runOnlyForDeploymentPostprocessing = 0;
		};
/* End PBXSourcesBuildPhase section */

/* Begin PBXTargetDependency section */
		A3D6DE012BC906140030B680 /* PBXTargetDependency */ = {
			isa = PBXTargetDependency;
			target = A3CB238F2BBF5EEF005CBCF4 /* Clother */;
			targetProxy = A3D6DE002BC906140030B680 /* PBXContainerItemProxy */;
		};
/* End PBXTargetDependency section */

/* Begin XCBuildConfiguration section */
		A3CB239C2BBF5EF1005CBCF4 /* Debug */ = {
			isa = XCBuildConfiguration;
			buildSettings = {
				ALWAYS_SEARCH_USER_PATHS = NO;
				ASSETCATALOG_COMPILER_GENERATE_SWIFT_ASSET_SYMBOL_EXTENSIONS = YES;
				CLANG_ANALYZER_NONNULL = YES;
				CLANG_ANALYZER_NUMBER_OBJECT_CONVERSION = YES_AGGRESSIVE;
				CLANG_CXX_LANGUAGE_STANDARD = "gnu++20";
				CLANG_ENABLE_MODULES = YES;
				CLANG_ENABLE_OBJC_ARC = YES;
				CLANG_ENABLE_OBJC_WEAK = YES;
				CLANG_WARN_BLOCK_CAPTURE_AUTORELEASING = YES;
				CLANG_WARN_BOOL_CONVERSION = YES;
				CLANG_WARN_COMMA = YES;
				CLANG_WARN_CONSTANT_CONVERSION = YES;
				CLANG_WARN_DEPRECATED_OBJC_IMPLEMENTATIONS = YES;
				CLANG_WARN_DIRECT_OBJC_ISA_USAGE = YES_ERROR;
				CLANG_WARN_DOCUMENTATION_COMMENTS = YES;
				CLANG_WARN_EMPTY_BODY = YES;
				CLANG_WARN_ENUM_CONVERSION = YES;
				CLANG_WARN_INFINITE_RECURSION = YES;
				CLANG_WARN_INT_CONVERSION = YES;
				CLANG_WARN_NON_LITERAL_NULL_CONVERSION = YES;
				CLANG_WARN_OBJC_IMPLICIT_RETAIN_SELF = YES;
				CLANG_WARN_OBJC_LITERAL_CONVERSION = YES;
				CLANG_WARN_OBJC_ROOT_CLASS = YES_ERROR;
				CLANG_WARN_QUOTED_INCLUDE_IN_FRAMEWORK_HEADER = YES;
				CLANG_WARN_RANGE_LOOP_ANALYSIS = YES;
				CLANG_WARN_STRICT_PROTOTYPES = YES;
				CLANG_WARN_SUSPICIOUS_MOVE = YES;
				CLANG_WARN_UNGUARDED_AVAILABILITY = YES_AGGRESSIVE;
				CLANG_WARN_UNREACHABLE_CODE = YES;
				CLANG_WARN__DUPLICATE_METHOD_MATCH = YES;
				COPY_PHASE_STRIP = NO;
				DEBUG_INFORMATION_FORMAT = dwarf;
				ENABLE_STRICT_OBJC_MSGSEND = YES;
				ENABLE_TESTABILITY = YES;
				ENABLE_USER_SCRIPT_SANDBOXING = YES;
				GCC_C_LANGUAGE_STANDARD = gnu17;
				GCC_DYNAMIC_NO_PIC = NO;
				GCC_NO_COMMON_BLOCKS = YES;
				GCC_OPTIMIZATION_LEVEL = 0;
				GCC_PREPROCESSOR_DEFINITIONS = (
					"DEBUG=1",
					"$(inherited)",
				);
				GCC_WARN_64_TO_32_BIT_CONVERSION = YES;
				GCC_WARN_ABOUT_RETURN_TYPE = YES_ERROR;
				GCC_WARN_UNDECLARED_SELECTOR = YES;
				GCC_WARN_UNINITIALIZED_AUTOS = YES_AGGRESSIVE;
				GCC_WARN_UNUSED_FUNCTION = YES;
				GCC_WARN_UNUSED_VARIABLE = YES;
				IPHONEOS_DEPLOYMENT_TARGET = 17.4;
				LOCALIZATION_PREFERS_STRING_CATALOGS = YES;
				MTL_ENABLE_DEBUG_INFO = INCLUDE_SOURCE;
				MTL_FAST_MATH = YES;
				ONLY_ACTIVE_ARCH = YES;
				SDKROOT = iphoneos;
				SWIFT_ACTIVE_COMPILATION_CONDITIONS = "DEBUG $(inherited)";
				SWIFT_OPTIMIZATION_LEVEL = "-Onone";
			};
			name = Debug;
		};
		A3CB239D2BBF5EF1005CBCF4 /* Release */ = {
			isa = XCBuildConfiguration;
			buildSettings = {
				ALWAYS_SEARCH_USER_PATHS = NO;
				ASSETCATALOG_COMPILER_GENERATE_SWIFT_ASSET_SYMBOL_EXTENSIONS = YES;
				CLANG_ANALYZER_NONNULL = YES;
				CLANG_ANALYZER_NUMBER_OBJECT_CONVERSION = YES_AGGRESSIVE;
				CLANG_CXX_LANGUAGE_STANDARD = "gnu++20";
				CLANG_ENABLE_MODULES = YES;
				CLANG_ENABLE_OBJC_ARC = YES;
				CLANG_ENABLE_OBJC_WEAK = YES;
				CLANG_WARN_BLOCK_CAPTURE_AUTORELEASING = YES;
				CLANG_WARN_BOOL_CONVERSION = YES;
				CLANG_WARN_COMMA = YES;
				CLANG_WARN_CONSTANT_CONVERSION = YES;
				CLANG_WARN_DEPRECATED_OBJC_IMPLEMENTATIONS = YES;
				CLANG_WARN_DIRECT_OBJC_ISA_USAGE = YES_ERROR;
				CLANG_WARN_DOCUMENTATION_COMMENTS = YES;
				CLANG_WARN_EMPTY_BODY = YES;
				CLANG_WARN_ENUM_CONVERSION = YES;
				CLANG_WARN_INFINITE_RECURSION = YES;
				CLANG_WARN_INT_CONVERSION = YES;
				CLANG_WARN_NON_LITERAL_NULL_CONVERSION = YES;
				CLANG_WARN_OBJC_IMPLICIT_RETAIN_SELF = YES;
				CLANG_WARN_OBJC_LITERAL_CONVERSION = YES;
				CLANG_WARN_OBJC_ROOT_CLASS = YES_ERROR;
				CLANG_WARN_QUOTED_INCLUDE_IN_FRAMEWORK_HEADER = YES;
				CLANG_WARN_RANGE_LOOP_ANALYSIS = YES;
				CLANG_WARN_STRICT_PROTOTYPES = YES;
				CLANG_WARN_SUSPICIOUS_MOVE = YES;
				CLANG_WARN_UNGUARDED_AVAILABILITY = YES_AGGRESSIVE;
				CLANG_WARN_UNREACHABLE_CODE = YES;
				CLANG_WARN__DUPLICATE_METHOD_MATCH = YES;
				COPY_PHASE_STRIP = NO;
				DEBUG_INFORMATION_FORMAT = "dwarf-with-dsym";
				ENABLE_NS_ASSERTIONS = NO;
				ENABLE_STRICT_OBJC_MSGSEND = YES;
				ENABLE_USER_SCRIPT_SANDBOXING = YES;
				GCC_C_LANGUAGE_STANDARD = gnu17;
				GCC_NO_COMMON_BLOCKS = YES;
				GCC_WARN_64_TO_32_BIT_CONVERSION = YES;
				GCC_WARN_ABOUT_RETURN_TYPE = YES_ERROR;
				GCC_WARN_UNDECLARED_SELECTOR = YES;
				GCC_WARN_UNINITIALIZED_AUTOS = YES_AGGRESSIVE;
				GCC_WARN_UNUSED_FUNCTION = YES;
				GCC_WARN_UNUSED_VARIABLE = YES;
				IPHONEOS_DEPLOYMENT_TARGET = 17.4;
				LOCALIZATION_PREFERS_STRING_CATALOGS = YES;
				MTL_ENABLE_DEBUG_INFO = NO;
				MTL_FAST_MATH = YES;
				SDKROOT = iphoneos;
				SWIFT_COMPILATION_MODE = wholemodule;
				VALIDATE_PRODUCT = YES;
			};
			name = Release;
		};
		A3CB239F2BBF5EF1005CBCF4 /* Debug */ = {
			isa = XCBuildConfiguration;
			buildSettings = {
				ASSETCATALOG_COMPILER_APPICON_NAME = AppIcon;
				ASSETCATALOG_COMPILER_GLOBAL_ACCENT_COLOR_NAME = AccentColor;
				CODE_SIGN_STYLE = Automatic;
				CURRENT_PROJECT_VERSION = 1;
				DEVELOPMENT_ASSET_PATHS = "\"Clother/Preview Content\"";
				ENABLE_PREVIEWS = YES;
				GENERATE_INFOPLIST_FILE = YES;
				INFOPLIST_KEY_UIApplicationSceneManifest_Generation = YES;
				INFOPLIST_KEY_UIApplicationSupportsIndirectInputEvents = YES;
				INFOPLIST_KEY_UILaunchScreen_Generation = YES;
				INFOPLIST_KEY_UISupportedInterfaceOrientations_iPad = "UIInterfaceOrientationPortrait UIInterfaceOrientationPortraitUpsideDown UIInterfaceOrientationLandscapeLeft UIInterfaceOrientationLandscapeRight";
				INFOPLIST_KEY_UISupportedInterfaceOrientations_iPhone = "UIInterfaceOrientationPortrait UIInterfaceOrientationLandscapeLeft UIInterfaceOrientationLandscapeRight";
				IPHONEOS_DEPLOYMENT_TARGET = 17.0;
				LD_RUNPATH_SEARCH_PATHS = (
					"$(inherited)",
					"@executable_path/Frameworks",
				);
				MARKETING_VERSION = 1.0;
				PRODUCT_BUNDLE_IDENTIFIER = co.aalbahar.Clother;
				PRODUCT_NAME = "$(TARGET_NAME)";
				SWIFT_EMIT_LOC_STRINGS = YES;
				SWIFT_VERSION = 5.0;
				TARGETED_DEVICE_FAMILY = "1,2";
			};
			name = Debug;
		};
		A3CB23A02BBF5EF1005CBCF4 /* Release */ = {
			isa = XCBuildConfiguration;
			buildSettings = {
				ASSETCATALOG_COMPILER_APPICON_NAME = AppIcon;
				ASSETCATALOG_COMPILER_GLOBAL_ACCENT_COLOR_NAME = AccentColor;
				CODE_SIGN_STYLE = Automatic;
				CURRENT_PROJECT_VERSION = 1;
				DEVELOPMENT_ASSET_PATHS = "\"Clother/Preview Content\"";
				ENABLE_PREVIEWS = YES;
				GENERATE_INFOPLIST_FILE = YES;
				INFOPLIST_KEY_UIApplicationSceneManifest_Generation = YES;
				INFOPLIST_KEY_UIApplicationSupportsIndirectInputEvents = YES;
				INFOPLIST_KEY_UILaunchScreen_Generation = YES;
				INFOPLIST_KEY_UISupportedInterfaceOrientations_iPad = "UIInterfaceOrientationPortrait UIInterfaceOrientationPortraitUpsideDown UIInterfaceOrientationLandscapeLeft UIInterfaceOrientationLandscapeRight";
				INFOPLIST_KEY_UISupportedInterfaceOrientations_iPhone = "UIInterfaceOrientationPortrait UIInterfaceOrientationLandscapeLeft UIInterfaceOrientationLandscapeRight";
				IPHONEOS_DEPLOYMENT_TARGET = 17.0;
				LD_RUNPATH_SEARCH_PATHS = (
					"$(inherited)",
					"@executable_path/Frameworks",
				);
				MARKETING_VERSION = 1.0;
				PRODUCT_BUNDLE_IDENTIFIER = co.aalbahar.Clother;
				PRODUCT_NAME = "$(TARGET_NAME)";
				SWIFT_EMIT_LOC_STRINGS = YES;
				SWIFT_VERSION = 5.0;
				TARGETED_DEVICE_FAMILY = "1,2";
			};
			name = Release;
		};
		A3D6DE022BC906140030B680 /* Debug */ = {
			isa = XCBuildConfiguration;
			buildSettings = {
				BUNDLE_LOADER = "$(TEST_HOST)";
				CODE_SIGN_STYLE = Automatic;
				CURRENT_PROJECT_VERSION = 1;
				GENERATE_INFOPLIST_FILE = YES;
				MARKETING_VERSION = 1.0;
				PRODUCT_BUNDLE_IDENTIFIER = co.aalbahar.ClotherTests;
				PRODUCT_NAME = "$(TARGET_NAME)";
				SWIFT_EMIT_LOC_STRINGS = NO;
				SWIFT_VERSION = 5.0;
				TARGETED_DEVICE_FAMILY = "1,2";
				TEST_HOST = "$(BUILT_PRODUCTS_DIR)/Clother.app/$(BUNDLE_EXECUTABLE_FOLDER_PATH)/Clother";
			};
			name = Debug;
		};
		A3D6DE032BC906140030B680 /* Release */ = {
			isa = XCBuildConfiguration;
			buildSettings = {
				BUNDLE_LOADER = "$(TEST_HOST)";
				CODE_SIGN_STYLE = Automatic;
				CURRENT_PROJECT_VERSION = 1;
				GENERATE_INFOPLIST_FILE = YES;
				MARKETING_VERSION = 1.0;
				PRODUCT_BUNDLE_IDENTIFIER = co.aalbahar.ClotherTests;
				PRODUCT_NAME = "$(TARGET_NAME)";
				SWIFT_EMIT_LOC_STRINGS = NO;
				SWIFT_VERSION = 5.0;
				TARGETED_DEVICE_FAMILY = "1,2";
				TEST_HOST = "$(BUILT_PRODUCTS_DIR)/Clother.app/$(BUNDLE_EXECUTABLE_FOLDER_PATH)/Clother";
			};
			name = Release;
		};
/* End XCBuildConfiguration section */

/* Begin XCConfigurationList section */
		A3CB238B2BBF5EEF005CBCF4 /* Build configuration list for PBXProject "Clother" */ = {
			isa = XCConfigurationList;
			buildConfigurations = (
				A3CB239C2BBF5EF1005CBCF4 /* Debug */,
				A3CB239D2BBF5EF1005CBCF4 /* Release */,
			);
			defaultConfigurationIsVisible = 0;
			defaultConfigurationName = Release;
		};
		A3CB239E2BBF5EF1005CBCF4 /* Build configuration list for PBXNativeTarget "Clother" */ = {
			isa = XCConfigurationList;
			buildConfigurations = (
				A3CB239F2BBF5EF1005CBCF4 /* Debug */,
				A3CB23A02BBF5EF1005CBCF4 /* Release */,
			);
			defaultConfigurationIsVisible = 0;
			defaultConfigurationName = Release;
		};
		A3D6DE042BC906140030B680 /* Build configuration list for PBXNativeTarget "ClotherTests" */ = {
			isa = XCConfigurationList;
			buildConfigurations = (
				A3D6DE022BC906140030B680 /* Debug */,
				A3D6DE032BC906140030B680 /* Release */,
			);
			defaultConfigurationIsVisible = 0;
			defaultConfigurationName = Release;
		};
/* End XCConfigurationList section */
	};
	rootObject = A3CB23882BBF5EEF005CBCF4 /* Project object */;
}
